
Microsoft Visual Studio Solution File, Format Version 12.00
# Visual Studio Version 17
VisualStudioVersion = 17.4.33110.190
MinimumVisualStudioVersion = 10.0.40219.1
Project("{FAE04EC0-301F-11D3-BF4B-00C04F79EFBC}") = "ArrayConsoleApp", "ArrayConsoleApp\ArrayConsoleApp.csproj", "{B55B84B5-9DDE-496D-A056-40AFFE94DCC7}"
EndProject
Project("{FAE04EC0-301F-11D3-BF4B-00C04F79EFBC}") = "ArrayTests", "ArrayTests\ArrayTests.csproj", "{60D6DC78-3E27-43F2-B79A-0DAC55495708}"
EndProject
Project("{FAE04EC0-301F-11D3-BF4B-00C04F79EFBC}") = "Array", "Array\Array.csproj", "{53CF9163-9EFF-4F31-AFFC-BD4935471724}"
EndProject
Project("{FAE04EC0-301F-11D3-BF4B-00C04F79EFBC}") = "CollectionConsoleApp", "CollectionConsoleApp\CollectionConsoleApp.csproj", "{19748733-31D9-4381-8B76-8CAE12765F37}"
EndProject
Project("{FAE04EC0-301F-11D3-BF4B-00C04F79EFBC}") = "CollectionTests", "CollectionTests\CollectionTests.csproj", "{5F3DBD02-2DFD-467F-A174-5447673473ED}"
EndProject
Project("{FAE04EC0-301F-11D3-BF4B-00C04F79EFBC}") = "List", "List\List.csproj", "{33B64B3A-FC90-4786-862D-A6E839492AB4}"
EndProject
Project("{FAE04EC0-301F-11D3-BF4B-00C04F79EFBC}") = "ListTests", "ListTests\ListTests.csproj", "{24A416F4-E45D-48AA-B66F-D478746CD3CF}"
EndProject
Global
	GlobalSection(SolutionConfigurationPlatforms) = preSolution
		Debug|Any CPU = Debug|Any CPU
		Release|Any CPU = Release|Any CPU
	EndGlobalSection
	GlobalSection(ProjectConfigurationPlatforms) = postSolution
		{B55B84B5-9DDE-496D-A056-40AFFE94DCC7}.Debug|Any CPU.ActiveCfg = Debug|Any CPU
		{B55B84B5-9DDE-496D-A056-40AFFE94DCC7}.Debug|Any CPU.Build.0 = Debug|Any CPU
		{B55B84B5-9DDE-496D-A056-40AFFE94DCC7}.Release|Any CPU.ActiveCfg = Release|Any CPU
		{B55B84B5-9DDE-496D-A056-40AFFE94DCC7}.Release|Any CPU.Build.0 = Release|Any CPU
		{60D6DC78-3E27-43F2-B79A-0DAC55495708}.Debug|Any CPU.ActiveCfg = Debug|Any CPU
		{60D6DC78-3E27-43F2-B79A-0DAC55495708}.Debug|Any CPU.Build.0 = Debug|Any CPU
		{60D6DC78-3E27-43F2-B79A-0DAC55495708}.Release|Any CPU.ActiveCfg = Release|Any CPU
		{60D6DC78-3E27-43F2-B79A-0DAC55495708}.Release|Any CPU.Build.0 = Release|Any CPU
		{53CF9163-9EFF-4F31-AFFC-BD4935471724}.Debug|Any CPU.ActiveCfg = Debug|Any CPU
		{53CF9163-9EFF-4F31-AFFC-BD4935471724}.Debug|Any CPU.Build.0 = Debug|Any CPU
		{53CF9163-9EFF-4F31-AFFC-BD4935471724}.Release|Any CPU.ActiveCfg = Release|Any CPU
		{53CF9163-9EFF-4F31-AFFC-BD4935471724}.Release|Any CPU.Build.0 = Release|Any CPU
		{19748733-31D9-4381-8B76-8CAE12765F37}.Debug|Any CPU.ActiveCfg = Debug|Any CPU
		{19748733-31D9-4381-8B76-8CAE12765F37}.Debug|Any CPU.Build.0 = Debug|Any CPU
		{19748733-31D9-4381-8B76-8CAE12765F37}.Release|Any CPU.ActiveCfg = Release|Any CPU
		{19748733-31D9-4381-8B76-8CAE12765F37}.Release|Any CPU.Build.0 = Release|Any CPU
		{5F3DBD02-2DFD-467F-A174-5447673473ED}.Debug|Any CPU.ActiveCfg = Debug|Any CPU
		{5F3DBD02-2DFD-467F-A174-5447673473ED}.Debug|Any CPU.Build.0 = Debug|Any CPU
		{5F3DBD02-2DFD-467F-A174-5447673473ED}.Release|Any CPU.ActiveCfg = Release|Any CPU
		{5F3DBD02-2DFD-467F-A174-5447673473ED}.Release|Any CPU.Build.0 = Release|Any CPU
		{33B64B3A-FC90-4786-862D-A6E839492AB4}.Debug|Any CPU.ActiveCfg = Debug|Any CPU
		{33B64B3A-FC90-4786-862D-A6E839492AB4}.Debug|Any CPU.Build.0 = Debug|Any CPU
		{33B64B3A-FC90-4786-862D-A6E839492AB4}.Release|Any CPU.ActiveCfg = Release|Any CPU
		{33B64B3A-FC90-4786-862D-A6E839492AB4}.Release|Any CPU.Build.0 = Release|Any CPU
		{24A416F4-E45D-48AA-B66F-D478746CD3CF}.Debug|Any CPU.ActiveCfg = Debug|Any CPU
		{24A416F4-E45D-48AA-B66F-D478746CD3CF}.Debug|Any CPU.Build.0 = Debug|Any CPU
		{24A416F4-E45D-48AA-B66F-D478746CD3CF}.Release|Any CPU.ActiveCfg = Release|Any CPU
		{24A416F4-E45D-48AA-B66F-D478746CD3CF}.Release|Any CPU.Build.0 = Release|Any CPU
	EndGlobalSection
	GlobalSection(SolutionProperties) = preSolution
		HideSolutionNode = FALSE
	EndGlobalSection
	GlobalSection(ExtensibilityGlobals) = postSolution
		SolutionGuid = {A02F000A-B9EA-4708-B947-E39270466DCA}
	EndGlobalSection
EndGlobal
