
Microsoft Visual Studio Solution File, Format Version 12.00
# Visual Studio Version 17
VisualStudioVersion = 17.4.33110.190
MinimumVisualStudioVersion = 10.0.40219.1
Project("{9A19103F-16F7-4668-BE54-9A1E7A4F7556}") = "ArrayConsoleApp", "DataStructuresAlgorithms\ArrayConsoleApp.csproj", "{7AA934FD-2A53-4124-A666-3C08632BD3E9}"
EndProject
Project("{9A19103F-16F7-4668-BE54-9A1E7A4F7556}") = "CollectionConsoleApp", "CollectionConsoleApp\CollectionConsoleApp.csproj", "{7D3B878A-1E98-4472-84F3-C3366DB151D7}"
EndProject
Project("{9A19103F-16F7-4668-BE54-9A1E7A4F7556}") = "LinkedListConsoleApp", "LinkedListConsoleApp\LinkedListConsoleApp.csproj", "{5A5B049A-60BE-4353-BE6C-ABFBEF076B05}"
EndProject
Project("{9A19103F-16F7-4668-BE54-9A1E7A4F7556}") = "RecursiveApp", "RecursiveApp\RecursiveApp.csproj", "{3E878C73-359C-4088-BD7C-5893757F738B}"
EndProject
Project("{9A19103F-16F7-4668-BE54-9A1E7A4F7556}") = "SortingAlgorithmsApp", "SortingAlgorithmsApp\SortingAlgorithmsApp.csproj", "{3AAEC549-4EED-4E85-A698-BA32522C6E9A}"
EndProject
Project("{9A19103F-16F7-4668-BE54-9A1E7A4F7556}") = "BigOWebApp", "BigOWebApp\BigOWebApp.csproj", "{950AD172-81F7-4FC5-A004-D1A06D139AAB}"
EndProject
Project("{2150E333-8FDC-42A3-9474-1A3956D46DE8}") = "Apps", "Apps", "{844828AA-C4BD-4AF9-9859-63E7329C5C70}"
EndProject
Project("{9A19103F-16F7-4668-BE54-9A1E7A4F7556}") = "Array", "Array\Array.csproj", "{E831F0AF-835D-40A5-BFE2-D93A4DAC621E}"
EndProject
Project("{9A19103F-16F7-4668-BE54-9A1E7A4F7556}") = "LinkedList", "LinkedList\LinkedList.csproj", "{B34F90F5-AAFF-425A-933C-AB00BF587B05}"
EndProject
Project("{9A19103F-16F7-4668-BE54-9A1E7A4F7556}") = "Queue", "Queue\Queue.csproj", "{F2EBBC94-BCC0-42E6-9110-E0AF70FEEFC3}"
EndProject
Project("{9A19103F-16F7-4668-BE54-9A1E7A4F7556}") = "Stack", "Stack\Stack.csproj", "{954978F1-B14D-4424-A214-27797A9D644A}"
EndProject
Project("{2150E333-8FDC-42A3-9474-1A3956D46DE8}") = "DataStructures", "DataStructures", "{9B2F463F-5277-48B3-85DC-1BCC3ED5C3EC}"
EndProject
Project("{2150E333-8FDC-42A3-9474-1A3956D46DE8}") = "Shared", "Shared", "{0509DF6D-B471-42C4-A66A-6FBE07F78634}"
EndProject
Project("{9A19103F-16F7-4668-BE54-9A1E7A4F7556}") = "SortingAlgorithms", "SortingAlgorithms\SortingAlgorithms.csproj", "{1408A850-7F86-4CA7-8346-166C02A85DF5}"
EndProject
Project("{2150E333-8FDC-42A3-9474-1A3956D46DE8}") = "SortingAlgorithms", "SortingAlgorithms", "{13409655-10B6-44D0-9D93-96AF77D62D1D}"
EndProject
Project("{2150E333-8FDC-42A3-9474-1A3956D46DE8}") = "Tests", "Tests", "{48A6DE3C-57AD-4049-B88F-2A7858AB8846}"
EndProject
Project("{9A19103F-16F7-4668-BE54-9A1E7A4F7556}") = "DoublyLinkedListTest", "DoublyLinkedListTests\DoublyLinkedListTest.csproj", "{64920C19-2913-403E-BFBC-8039163558D7}"
EndProject
Project("{9A19103F-16F7-4668-BE54-9A1E7A4F7556}") = "ListTests", "ListTest\ListTests.csproj", "{E8658C50-1DD2-4887-B026-A37EFF38AA09}"
EndProject
Project("{9A19103F-16F7-4668-BE54-9A1E7A4F7556}") = "QueueTest", "QueueTests\QueueTest.csproj", "{BCF3BBAF-0833-4D56-937A-7FA1726A61A2}"
EndProject
Project("{9A19103F-16F7-4668-BE54-9A1E7A4F7556}") = "SinglyLinkedListTests", "SinglyLinkedListTests\SinglyLinkedListTests.csproj", "{BD57A42B-7138-41D9-9A21-08AA00FBFE30}"
EndProject
Project("{9A19103F-16F7-4668-BE54-9A1E7A4F7556}") = "SortingAlgorithmsTests", "SortingAlgorithmsTest\SortingAlgorithmsTests.csproj", "{9DB14556-265D-4502-9492-E970F2FE94A6}"
EndProject
Project("{9A19103F-16F7-4668-BE54-9A1E7A4F7556}") = "StackTests", "StackTest\StackTests.csproj", "{6777F50C-F53C-4872-A00B-8A8DF07FD047}"
EndProject
Project("{FAE04EC0-301F-11D3-BF4B-00C04F79EFBC}") = "Utilities", "Utilities\Utilities.csproj", "{6AFC0BB9-6024-4191-913B-2BCC25C6D18B}"
EndProject
Project("{FAE04EC0-301F-11D3-BF4B-00C04F79EFBC}") = "ArrayTests", "ArrayTestsss\ArrayTests.csproj", "{93654364-FF24-4EF9-8DD6-13F4C3F69FD3}"
EndProject
Project("{FAE04EC0-301F-11D3-BF4B-00C04F79EFBC}") = "CollectionTests", "CollectionTest\CollectionTests.csproj", "{0A6049BA-793C-4636-AA3F-1488B8C686DB}"
EndProject
Project("{FAE04EC0-301F-11D3-BF4B-00C04F79EFBC}") = "TreeTests", "TreeTests\TreeTests.csproj", "{36EC87D5-ED9E-4536-9D81-28D6B6DF4E8D}"
EndProject
Project("{FAE04EC0-301F-11D3-BF4B-00C04F79EFBC}") = "Trees", "Trees\Trees.csproj", "{8274932C-9C4F-445B-B567-720C6EBA2F1B}"
EndProject
Global
	GlobalSection(SolutionConfigurationPlatforms) = preSolution
		Debug|Any CPU = Debug|Any CPU
		Release|Any CPU = Release|Any CPU
	EndGlobalSection
	GlobalSection(ProjectConfigurationPlatforms) = postSolution
		{7AA934FD-2A53-4124-A666-3C08632BD3E9}.Debug|Any CPU.ActiveCfg = Debug|Any CPU
		{7AA934FD-2A53-4124-A666-3C08632BD3E9}.Debug|Any CPU.Build.0 = Debug|Any CPU
		{7AA934FD-2A53-4124-A666-3C08632BD3E9}.Release|Any CPU.ActiveCfg = Release|Any CPU
		{7AA934FD-2A53-4124-A666-3C08632BD3E9}.Release|Any CPU.Build.0 = Release|Any CPU
		{7D3B878A-1E98-4472-84F3-C3366DB151D7}.Debug|Any CPU.ActiveCfg = Debug|Any CPU
		{7D3B878A-1E98-4472-84F3-C3366DB151D7}.Debug|Any CPU.Build.0 = Debug|Any CPU
		{7D3B878A-1E98-4472-84F3-C3366DB151D7}.Release|Any CPU.ActiveCfg = Release|Any CPU
		{7D3B878A-1E98-4472-84F3-C3366DB151D7}.Release|Any CPU.Build.0 = Release|Any CPU
		{5A5B049A-60BE-4353-BE6C-ABFBEF076B05}.Debug|Any CPU.ActiveCfg = Debug|Any CPU
		{5A5B049A-60BE-4353-BE6C-ABFBEF076B05}.Debug|Any CPU.Build.0 = Debug|Any CPU
		{5A5B049A-60BE-4353-BE6C-ABFBEF076B05}.Release|Any CPU.ActiveCfg = Release|Any CPU
		{5A5B049A-60BE-4353-BE6C-ABFBEF076B05}.Release|Any CPU.Build.0 = Release|Any CPU
		{3E878C73-359C-4088-BD7C-5893757F738B}.Debug|Any CPU.ActiveCfg = Debug|Any CPU
		{3E878C73-359C-4088-BD7C-5893757F738B}.Debug|Any CPU.Build.0 = Debug|Any CPU
		{3E878C73-359C-4088-BD7C-5893757F738B}.Release|Any CPU.ActiveCfg = Release|Any CPU
		{3E878C73-359C-4088-BD7C-5893757F738B}.Release|Any CPU.Build.0 = Release|Any CPU
		{3AAEC549-4EED-4E85-A698-BA32522C6E9A}.Debug|Any CPU.ActiveCfg = Debug|Any CPU
		{3AAEC549-4EED-4E85-A698-BA32522C6E9A}.Debug|Any CPU.Build.0 = Debug|Any CPU
		{3AAEC549-4EED-4E85-A698-BA32522C6E9A}.Release|Any CPU.ActiveCfg = Release|Any CPU
		{3AAEC549-4EED-4E85-A698-BA32522C6E9A}.Release|Any CPU.Build.0 = Release|Any CPU
		{950AD172-81F7-4FC5-A004-D1A06D139AAB}.Debug|Any CPU.ActiveCfg = Debug|Any CPU
		{950AD172-81F7-4FC5-A004-D1A06D139AAB}.Debug|Any CPU.Build.0 = Debug|Any CPU
		{950AD172-81F7-4FC5-A004-D1A06D139AAB}.Release|Any CPU.ActiveCfg = Release|Any CPU
		{950AD172-81F7-4FC5-A004-D1A06D139AAB}.Release|Any CPU.Build.0 = Release|Any CPU
		{E831F0AF-835D-40A5-BFE2-D93A4DAC621E}.Debug|Any CPU.ActiveCfg = Debug|Any CPU
		{E831F0AF-835D-40A5-BFE2-D93A4DAC621E}.Debug|Any CPU.Build.0 = Debug|Any CPU
		{E831F0AF-835D-40A5-BFE2-D93A4DAC621E}.Release|Any CPU.ActiveCfg = Release|Any CPU
		{E831F0AF-835D-40A5-BFE2-D93A4DAC621E}.Release|Any CPU.Build.0 = Release|Any CPU
		{B34F90F5-AAFF-425A-933C-AB00BF587B05}.Debug|Any CPU.ActiveCfg = Debug|Any CPU
		{B34F90F5-AAFF-425A-933C-AB00BF587B05}.Debug|Any CPU.Build.0 = Debug|Any CPU
		{B34F90F5-AAFF-425A-933C-AB00BF587B05}.Release|Any CPU.ActiveCfg = Release|Any CPU
		{B34F90F5-AAFF-425A-933C-AB00BF587B05}.Release|Any CPU.Build.0 = Release|Any CPU
		{F2EBBC94-BCC0-42E6-9110-E0AF70FEEFC3}.Debug|Any CPU.ActiveCfg = Debug|Any CPU
		{F2EBBC94-BCC0-42E6-9110-E0AF70FEEFC3}.Debug|Any CPU.Build.0 = Debug|Any CPU
		{F2EBBC94-BCC0-42E6-9110-E0AF70FEEFC3}.Release|Any CPU.ActiveCfg = Release|Any CPU
		{F2EBBC94-BCC0-42E6-9110-E0AF70FEEFC3}.Release|Any CPU.Build.0 = Release|Any CPU
		{954978F1-B14D-4424-A214-27797A9D644A}.Debug|Any CPU.ActiveCfg = Debug|Any CPU
		{954978F1-B14D-4424-A214-27797A9D644A}.Debug|Any CPU.Build.0 = Debug|Any CPU
		{954978F1-B14D-4424-A214-27797A9D644A}.Release|Any CPU.ActiveCfg = Release|Any CPU
		{954978F1-B14D-4424-A214-27797A9D644A}.Release|Any CPU.Build.0 = Release|Any CPU
		{1408A850-7F86-4CA7-8346-166C02A85DF5}.Debug|Any CPU.ActiveCfg = Debug|Any CPU
		{1408A850-7F86-4CA7-8346-166C02A85DF5}.Debug|Any CPU.Build.0 = Debug|Any CPU
		{1408A850-7F86-4CA7-8346-166C02A85DF5}.Release|Any CPU.ActiveCfg = Release|Any CPU
		{1408A850-7F86-4CA7-8346-166C02A85DF5}.Release|Any CPU.Build.0 = Release|Any CPU
		{64920C19-2913-403E-BFBC-8039163558D7}.Debug|Any CPU.ActiveCfg = Debug|Any CPU
		{64920C19-2913-403E-BFBC-8039163558D7}.Debug|Any CPU.Build.0 = Debug|Any CPU
		{64920C19-2913-403E-BFBC-8039163558D7}.Release|Any CPU.ActiveCfg = Release|Any CPU
		{64920C19-2913-403E-BFBC-8039163558D7}.Release|Any CPU.Build.0 = Release|Any CPU
		{E8658C50-1DD2-4887-B026-A37EFF38AA09}.Debug|Any CPU.ActiveCfg = Debug|Any CPU
		{E8658C50-1DD2-4887-B026-A37EFF38AA09}.Debug|Any CPU.Build.0 = Debug|Any CPU
		{E8658C50-1DD2-4887-B026-A37EFF38AA09}.Release|Any CPU.ActiveCfg = Release|Any CPU
		{E8658C50-1DD2-4887-B026-A37EFF38AA09}.Release|Any CPU.Build.0 = Release|Any CPU
		{BCF3BBAF-0833-4D56-937A-7FA1726A61A2}.Debug|Any CPU.ActiveCfg = Debug|Any CPU
		{BCF3BBAF-0833-4D56-937A-7FA1726A61A2}.Debug|Any CPU.Build.0 = Debug|Any CPU
		{BCF3BBAF-0833-4D56-937A-7FA1726A61A2}.Release|Any CPU.ActiveCfg = Release|Any CPU
		{BCF3BBAF-0833-4D56-937A-7FA1726A61A2}.Release|Any CPU.Build.0 = Release|Any CPU
		{BD57A42B-7138-41D9-9A21-08AA00FBFE30}.Debug|Any CPU.ActiveCfg = Debug|Any CPU
		{BD57A42B-7138-41D9-9A21-08AA00FBFE30}.Debug|Any CPU.Build.0 = Debug|Any CPU
		{BD57A42B-7138-41D9-9A21-08AA00FBFE30}.Release|Any CPU.ActiveCfg = Release|Any CPU
		{BD57A42B-7138-41D9-9A21-08AA00FBFE30}.Release|Any CPU.Build.0 = Release|Any CPU
		{9DB14556-265D-4502-9492-E970F2FE94A6}.Debug|Any CPU.ActiveCfg = Debug|Any CPU
		{9DB14556-265D-4502-9492-E970F2FE94A6}.Debug|Any CPU.Build.0 = Debug|Any CPU
		{9DB14556-265D-4502-9492-E970F2FE94A6}.Release|Any CPU.ActiveCfg = Release|Any CPU
		{9DB14556-265D-4502-9492-E970F2FE94A6}.Release|Any CPU.Build.0 = Release|Any CPU
		{6777F50C-F53C-4872-A00B-8A8DF07FD047}.Debug|Any CPU.ActiveCfg = Debug|Any CPU
		{6777F50C-F53C-4872-A00B-8A8DF07FD047}.Debug|Any CPU.Build.0 = Debug|Any CPU
		{6777F50C-F53C-4872-A00B-8A8DF07FD047}.Release|Any CPU.ActiveCfg = Release|Any CPU
		{6777F50C-F53C-4872-A00B-8A8DF07FD047}.Release|Any CPU.Build.0 = Release|Any CPU
		{6AFC0BB9-6024-4191-913B-2BCC25C6D18B}.Debug|Any CPU.ActiveCfg = Debug|Any CPU
		{6AFC0BB9-6024-4191-913B-2BCC25C6D18B}.Debug|Any CPU.Build.0 = Debug|Any CPU
		{6AFC0BB9-6024-4191-913B-2BCC25C6D18B}.Release|Any CPU.ActiveCfg = Release|Any CPU
		{6AFC0BB9-6024-4191-913B-2BCC25C6D18B}.Release|Any CPU.Build.0 = Release|Any CPU
		{93654364-FF24-4EF9-8DD6-13F4C3F69FD3}.Debug|Any CPU.ActiveCfg = Debug|Any CPU
		{93654364-FF24-4EF9-8DD6-13F4C3F69FD3}.Debug|Any CPU.Build.0 = Debug|Any CPU
		{93654364-FF24-4EF9-8DD6-13F4C3F69FD3}.Release|Any CPU.ActiveCfg = Release|Any CPU
		{93654364-FF24-4EF9-8DD6-13F4C3F69FD3}.Release|Any CPU.Build.0 = Release|Any CPU
		{0A6049BA-793C-4636-AA3F-1488B8C686DB}.Debug|Any CPU.ActiveCfg = Debug|Any CPU
		{0A6049BA-793C-4636-AA3F-1488B8C686DB}.Debug|Any CPU.Build.0 = Debug|Any CPU
		{0A6049BA-793C-4636-AA3F-1488B8C686DB}.Release|Any CPU.ActiveCfg = Release|Any CPU
		{0A6049BA-793C-4636-AA3F-1488B8C686DB}.Release|Any CPU.Build.0 = Release|Any CPU
		{36EC87D5-ED9E-4536-9D81-28D6B6DF4E8D}.Debug|Any CPU.ActiveCfg = Debug|Any CPU
		{36EC87D5-ED9E-4536-9D81-28D6B6DF4E8D}.Debug|Any CPU.Build.0 = Debug|Any CPU
		{36EC87D5-ED9E-4536-9D81-28D6B6DF4E8D}.Release|Any CPU.ActiveCfg = Release|Any CPU
		{36EC87D5-ED9E-4536-9D81-28D6B6DF4E8D}.Release|Any CPU.Build.0 = Release|Any CPU
		{8274932C-9C4F-445B-B567-720C6EBA2F1B}.Debug|Any CPU.ActiveCfg = Debug|Any CPU
		{8274932C-9C4F-445B-B567-720C6EBA2F1B}.Debug|Any CPU.Build.0 = Debug|Any CPU
		{8274932C-9C4F-445B-B567-720C6EBA2F1B}.Release|Any CPU.ActiveCfg = Release|Any CPU
		{8274932C-9C4F-445B-B567-720C6EBA2F1B}.Release|Any CPU.Build.0 = Release|Any CPU
	EndGlobalSection
	GlobalSection(SolutionProperties) = preSolution
		HideSolutionNode = FALSE
	EndGlobalSection
	GlobalSection(NestedProjects) = preSolution
		{7AA934FD-2A53-4124-A666-3C08632BD3E9} = {844828AA-C4BD-4AF9-9859-63E7329C5C70}
		{7D3B878A-1E98-4472-84F3-C3366DB151D7} = {844828AA-C4BD-4AF9-9859-63E7329C5C70}
		{5A5B049A-60BE-4353-BE6C-ABFBEF076B05} = {844828AA-C4BD-4AF9-9859-63E7329C5C70}
		{3E878C73-359C-4088-BD7C-5893757F738B} = {844828AA-C4BD-4AF9-9859-63E7329C5C70}
		{3AAEC549-4EED-4E85-A698-BA32522C6E9A} = {844828AA-C4BD-4AF9-9859-63E7329C5C70}
		{950AD172-81F7-4FC5-A004-D1A06D139AAB} = {844828AA-C4BD-4AF9-9859-63E7329C5C70}
		{E831F0AF-835D-40A5-BFE2-D93A4DAC621E} = {9B2F463F-5277-48B3-85DC-1BCC3ED5C3EC}
		{B34F90F5-AAFF-425A-933C-AB00BF587B05} = {9B2F463F-5277-48B3-85DC-1BCC3ED5C3EC}
		{F2EBBC94-BCC0-42E6-9110-E0AF70FEEFC3} = {9B2F463F-5277-48B3-85DC-1BCC3ED5C3EC}
		{954978F1-B14D-4424-A214-27797A9D644A} = {9B2F463F-5277-48B3-85DC-1BCC3ED5C3EC}
		{1408A850-7F86-4CA7-8346-166C02A85DF5} = {13409655-10B6-44D0-9D93-96AF77D62D1D}
		{64920C19-2913-403E-BFBC-8039163558D7} = {48A6DE3C-57AD-4049-B88F-2A7858AB8846}
		{E8658C50-1DD2-4887-B026-A37EFF38AA09} = {48A6DE3C-57AD-4049-B88F-2A7858AB8846}
		{BCF3BBAF-0833-4D56-937A-7FA1726A61A2} = {48A6DE3C-57AD-4049-B88F-2A7858AB8846}
		{BD57A42B-7138-41D9-9A21-08AA00FBFE30} = {48A6DE3C-57AD-4049-B88F-2A7858AB8846}
		{9DB14556-265D-4502-9492-E970F2FE94A6} = {48A6DE3C-57AD-4049-B88F-2A7858AB8846}
		{6777F50C-F53C-4872-A00B-8A8DF07FD047} = {48A6DE3C-57AD-4049-B88F-2A7858AB8846}
		{6AFC0BB9-6024-4191-913B-2BCC25C6D18B} = {0509DF6D-B471-42C4-A66A-6FBE07F78634}
		{93654364-FF24-4EF9-8DD6-13F4C3F69FD3} = {48A6DE3C-57AD-4049-B88F-2A7858AB8846}
		{0A6049BA-793C-4636-AA3F-1488B8C686DB} = {48A6DE3C-57AD-4049-B88F-2A7858AB8846}
		{36EC87D5-ED9E-4536-9D81-28D6B6DF4E8D} = {48A6DE3C-57AD-4049-B88F-2A7858AB8846}
		{8274932C-9C4F-445B-B567-720C6EBA2F1B} = {9B2F463F-5277-48B3-85DC-1BCC3ED5C3EC}
	EndGlobalSection
	GlobalSection(ExtensibilityGlobals) = postSolution
		SolutionGuid = {29F98F05-7F0D-4562-A973-CFB8D8AE4B31}
	EndGlobalSection
EndGlobal
